// !$*UTF8*$!
{
	archiveVersion = 1;
	classes = {
	};
	objectVersion = 50;
	objects = {

/* Begin PBXBuildFile section */
		9B5CD99524304EE400CA6586 /* AppDelegate.swift in Sources */ = {isa = PBXBuildFile; fileRef = 9B5CD99424304EE400CA6586 /* AppDelegate.swift */; };
		9B5CD99724304EE400CA6586 /* ViewController.swift in Sources */ = {isa = PBXBuildFile; fileRef = 9B5CD99624304EE400CA6586 /* ViewController.swift */; };
		9B5CD99A24304EE400CA6586 /* Main.storyboard in Resources */ = {isa = PBXBuildFile; fileRef = 9B5CD99824304EE400CA6586 /* Main.storyboard */; };
		9B5CD99C24304EE600CA6586 /* Assets.xcassets in Resources */ = {isa = PBXBuildFile; fileRef = 9B5CD99B24304EE600CA6586 /* Assets.xcassets */; };
		9B5CD99F24304EE600CA6586 /* LaunchScreen.storyboard in Resources */ = {isa = PBXBuildFile; fileRef = 9B5CD99D24304EE600CA6586 /* LaunchScreen.storyboard */; };
		9B5CD9A724304EFD00CA6586 /* InfiniteScrollView.swift in Sources */ = {isa = PBXBuildFile; fileRef = 9B5CD9A624304EFD00CA6586 /* InfiniteScrollView.swift */; };
/* End PBXBuildFile section */

/* Begin PBXFileReference section */
		9B5CD99124304EE400CA6586 /* InfiniteRows.app */ = {isa = PBXFileReference; explicitFileType = wrapper.application; includeInIndex = 0; path = InfiniteRows.app; sourceTree = BUILT_PRODUCTS_DIR; };
		9B5CD99424304EE400CA6586 /* AppDelegate.swift */ = {isa = PBXFileReference; lastKnownFileType = sourcecode.swift; path = AppDelegate.swift; sourceTree = "<group>"; };
		9B5CD99624304EE400CA6586 /* ViewController.swift */ = {isa = PBXFileReference; lastKnownFileType = sourcecode.swift; path = ViewController.swift; sourceTree = "<group>"; };
		9B5CD99924304EE400CA6586 /* Base */ = {isa = PBXFileReference; lastKnownFileType = file.storyboard; name = Base; path = Base.lproj/Main.storyboard; sourceTree = "<group>"; };
		9B5CD99B24304EE600CA6586 /* Assets.xcassets */ = {isa = PBXFileReference; lastKnownFileType = folder.assetcatalog; path = Assets.xcassets; sourceTree = "<group>"; };
		9B5CD99E24304EE600CA6586 /* Base */ = {isa = PBXFileReference; lastKnownFileType = file.storyboard; name = Base; path = Base.lproj/LaunchScreen.storyboard; sourceTree = "<group>"; };
		9B5CD9A024304EE600CA6586 /* Info.plist */ = {isa = PBXFileReference; lastKnownFileType = text.plist.xml; path = Info.plist; sourceTree = "<group>"; };
		9B5CD9A624304EFD00CA6586 /* InfiniteScrollView.swift */ = {isa = PBXFileReference; lastKnownFileType = sourcecode.swift; path = InfiniteScrollView.swift; sourceTree = "<group>"; };
/* End PBXFileReference section */

/* Begin PBXFrameworksBuildPhase section */
		9B5CD98E24304EE400CA6586 /* Frameworks */ = {
			isa = PBXFrameworksBuildPhase;
			buildActionMask = 2147483647;
			files = (
			);
			runOnlyForDeploymentPostprocessing = 0;
		};
/* End PBXFrameworksBuildPhase section */

/* Begin PBXGroup section */
		9B5CD98824304EE400CA6586 = {
			isa = PBXGroup;
			children = (
				9B5CD99324304EE400CA6586 /* InfiniteRows */,
				9B5CD99224304EE400CA6586 /* Products */,
			);
			sourceTree = "<group>";
		};
		9B5CD99224304EE400CA6586 /* Products */ = {
			isa = PBXGroup;
			children = (
				9B5CD99124304EE400CA6586 /* InfiniteRows.app */,
			);
			name = Products;
			sourceTree = "<group>";
		};
		9B5CD99324304EE400CA6586 /* InfiniteRows */ = {
			isa = PBXGroup;
			children = (
				9B5CD99424304EE400CA6586 /* AppDelegate.swift */,
				9B5CD9A624304EFD00CA6586 /* InfiniteScrollView.swift */,
				9B5CD99624304EE400CA6586 /* ViewController.swift */,
				9B5CD99824304EE400CA6586 /* Main.storyboard */,
				9B5CD99B24304EE600CA6586 /* Assets.xcassets */,
				9B5CD99D24304EE600CA6586 /* LaunchScreen.storyboard */,
				9B5CD9A024304EE600CA6586 /* Info.plist */,
			);
			path = InfiniteRows;
			sourceTree = "<group>";
		};
/* End PBXGroup section */

/* Begin PBXNativeTarget section */
		9B5CD99024304EE400CA6586 /* InfiniteRows */ = {
			isa = PBXNativeTarget;
			buildConfigurationList = 9B5CD9A324304EE600CA6586 /* Build configuration list for PBXNativeTarget "InfiniteRows" */;
			buildPhases = (
				9B5CD98D24304EE400CA6586 /* Sources */,
				9B5CD98E24304EE400CA6586 /* Frameworks */,
				9B5CD98F24304EE400CA6586 /* Resources */,
			);
			buildRules = (
			);
			dependencies = (
			);
			name = InfiniteRows;
			productName = InfiniteRows;
			productReference = 9B5CD99124304EE400CA6586 /* InfiniteRows.app */;
			productType = "com.apple.product-type.application";
		};
/* End PBXNativeTarget section */

/* Begin PBXProject section */
		9B5CD98924304EE400CA6586 /* Project object */ = {
			isa = PBXProject;
			attributes = {
				LastSwiftUpdateCheck = 1030;
				LastUpgradeCheck = 1030;
				ORGANIZATIONNAME = "Ehsan Jahromi";
				TargetAttributes = {
					9B5CD99024304EE400CA6586 = {
						CreatedOnToolsVersion = 10.3;
						LastSwiftMigration = 1030;
					};
				};
			};
			buildConfigurationList = 9B5CD98C24304EE400CA6586 /* Build configuration list for PBXProject "InfiniteRows" */;
			compatibilityVersion = "Xcode 9.3";
			developmentRegion = en;
			hasScannedForEncodings = 0;
			knownRegions = (
				en,
				Base,
			);
			mainGroup = 9B5CD98824304EE400CA6586;
			productRefGroup = 9B5CD99224304EE400CA6586 /* Products */;
			projectDirPath = "";
			projectRoot = "";
			targets = (
				9B5CD99024304EE400CA6586 /* InfiniteRows */,
			);
		};
/* End PBXProject section */

/* Begin PBXResourcesBuildPhase section */
		9B5CD98F24304EE400CA6586 /* Resources */ = {
			isa = PBXResourcesBuildPhase;
			buildActionMask = 2147483647;
			files = (
				9B5CD99F24304EE600CA6586 /* LaunchScreen.storyboard in Resources */,
				9B5CD99C24304EE600CA6586 /* Assets.xcassets in Resources */,
				9B5CD99A24304EE400CA6586 /* Main.storyboard in Resources */,
			);
			runOnlyForDeploymentPostprocessing = 0;
		};
/* End PBXResourcesBuildPhase section */

/* Begin PBXSourcesBuildPhase section */
		9B5CD98D24304EE400CA6586 /* Sources */ = {
			isa = PBXSourcesBuildPhase;
			buildActionMask = 2147483647;
			files = (
				9B5CD9A724304EFD00CA6586 /* InfiniteScrollView.swift in Sources */,
				9B5CD99724304EE400CA6586 /* ViewController.swift in Sources */,
				9B5CD99524304EE400CA6586 /* AppDelegate.swift in Sources */,
			);
			runOnlyForDeploymentPostprocessing = 0;
		};
/* End PBXSourcesBuildPhase section */

/* Begin PBXVariantGroup section */
		9B5CD99824304EE400CA6586 /* Main.storyboard */ = {
			isa = PBXVariantGroup;
			children = (
				9B5CD99924304EE400CA6586 /* Base */,
			);
			name = Main.storyboard;
			sourceTree = "<group>";
		};
		9B5CD99D24304EE600CA6586 /* LaunchScreen.storyboard */ = {
			isa = PBXVariantGroup;
			children = (
				9B5CD99E24304EE600CA6586 /* Base */,
			);
			name = LaunchScreen.storyboard;
			sourceTree = "<group>";
		};
/* End PBXVariantGroup section */

/* Begin XCBuildConfiguration section */
		9B5CD9A124304EE600CA6586 /* Debug */ = {
			isa = XCBuildConfiguration;
			buildSettings = {
				ALWAYS_SEARCH_USER_PATHS = NO;
				CLANG_ANALYZER_NONNULL = YES;
				CLANG_ANALYZER_NUMBER_OBJECT_CONVERSION = YES_AGGRESSIVE;
				CLANG_CXX_LANGUAGE_STANDARD = "gnu++14";
				CLANG_CXX_LIBRARY = "libc++";
				CLANG_ENABLE_MODULES = YES;
				CLANG_ENABLE_OBJC_ARC = YES;
				CLANG_ENABLE_OBJC_WEAK = YES;
				CLANG_WARN_BLOCK_CAPTURE_AUTORELEASING = YES;
				CLANG_WARN_BOOL_CONVERSION = YES;
				CLANG_WARN_COMMA = YES;
				CLANG_WARN_CONSTANT_CONVERSION = YES;
				CLANG_WARN_DEPRECATED_OBJC_IMPLEMENTATIONS = YES;
				CLANG_WARN_DIRECT_OBJC_ISA_USAGE = YES_ERROR;
				CLANG_WARN_DOCUMENTATION_COMMENTS = YES;
				CLANG_WARN_EMPTY_BODY = YES;
				CLANG_WARN_ENUM_CONVERSION = YES;
				CLANG_WARN_INFINITE_RECURSION = YES;
				CLANG_WARN_INT_CONVERSION = YES;
				CLANG_WARN_NON_LITERAL_NULL_CONVERSION = YES;
				CLANG_WARN_OBJC_IMPLICIT_RETAIN_SELF = YES;
				CLANG_WARN_OBJC_LITERAL_CONVERSION = YES;
				CLANG_WARN_OBJC_ROOT_CLASS = YES_ERROR;
				CLANG_WARN_RANGE_LOOP_ANALYSIS = YES;
				CLANG_WARN_STRICT_PROTOTYPES = YES;
				CLANG_WARN_SUSPICIOUS_MOVE = YES;
				CLANG_WARN_UNGUARDED_AVAILABILITY = YES_AGGRESSIVE;
				CLANG_WARN_UNREACHABLE_CODE = YES;
				CLANG_WARN__DUPLICATE_METHOD_MATCH = YES;
				CODE_SIGN_IDENTITY = "iPhone Developer";
				COPY_PHASE_STRIP = NO;
				DEBUG_INFORMATION_FORMAT = dwarf;
				ENABLE_STRICT_OBJC_MSGSEND = YES;
				ENABLE_TESTABILITY = YES;
				GCC_C_LANGUAGE_STANDARD = gnu11;
				GCC_DYNAMIC_NO_PIC = NO;
				GCC_NO_COMMON_BLOCKS = YES;
				GCC_OPTIMIZATION_LEVEL = 0;
				GCC_PREPROCESSOR_DEFINITIONS = (
					"DEBUG=1",
					"$(inherited)",
				);
				GCC_WARN_64_TO_32_BIT_CONVERSION = YES;
				GCC_WARN_ABOUT_RETURN_TYPE = YES_ERROR;
				GCC_WARN_UNDECLARED_SELECTOR = YES;
				GCC_WARN_UNINITIALIZED_AUTOS = YES_AGGRESSIVE;
				GCC_WARN_UNUSED_FUNCTION = YES;
				GCC_WARN_UNUSED_VARIABLE = YES;
				IPHONEOS_DEPLOYMENT_TARGET = 12.4;
				MTL_ENABLE_DEBUG_INFO = INCLUDE_SOURCE;
				MTL_FAST_MATH = YES;
				ONLY_ACTIVE_ARCH = YES;
				SDKROOT = iphoneos;
				SWIFT_ACTIVE_COMPILATION_CONDITIONS = DEBUG;
				SWIFT_OPTIMIZATION_LEVEL = "-Onone";
			};
			name = Debug;
		};
		9B5CD9A224304EE600CA6586 /* Release */ = {
			isa = XCBuildConfiguration;
			buildSettings = {
				ALWAYS_SEARCH_USER_PATHS = NO;
				CLANG_ANALYZER_NONNULL = YES;
				CLANG_ANALYZER_NUMBER_OBJECT_CONVERSION = YES_AGGRESSIVE;
				CLANG_CXX_LANGUAGE_STANDARD = "gnu++14";
				CLANG_CXX_LIBRARY = "libc++";
				CLANG_ENABLE_MODULES = YES;
				CLANG_ENABLE_OBJC_ARC = YES;
				CLANG_ENABLE_OBJC_WEAK = YES;
				CLANG_WARN_BLOCK_CAPTURE_AUTORELEASING = YES;
				CLANG_WARN_BOOL_CONVERSION = YES;
				CLANG_WARN_COMMA = YES;
				CLANG_WARN_CONSTANT_CONVERSION = YES;
				CLANG_WARN_DEPRECATED_OBJC_IMPLEMENTATIONS = YES;
				CLANG_WARN_DIRECT_OBJC_ISA_USAGE = YES_ERROR;
				CLANG_WARN_DOCUMENTATION_COMMENTS = YES;
				CLANG_WARN_EMPTY_BODY = YES;
				CLANG_WARN_ENUM_CONVERSION = YES;
				CLANG_WARN_INFINITE_RECURSION = YES;
				CLANG_WARN_INT_CONVERSION = YES;
				CLANG_WARN_NON_LITERAL_NULL_CONVERSION = YES;
				CLANG_WARN_OBJC_IMPLICIT_RETAIN_SELF = YES;
				CLANG_WARN_OBJC_LITERAL_CONVERSION = YES;
				CLANG_WARN_OBJC_ROOT_CLASS = YES_ERROR;
				CLANG_WARN_RANGE_LOOP_ANALYSIS = YES;
				CLANG_WARN_STRICT_PROTOTYPES = YES;
				CLANG_WARN_SUSPICIOUS_MOVE = YES;
				CLANG_WARN_UNGUARDED_AVAILABILITY = YES_AGGRESSIVE;
				CLANG_WARN_UNREACHABLE_CODE = YES;
				CLANG_WARN__DUPLICATE_METHOD_MATCH = YES;
				CODE_SIGN_IDENTITY = "iPhone Developer";
				COPY_PHASE_STRIP = NO;
				DEBUG_INFORMATION_FORMAT = "dwarf-with-dsym";
				ENABLE_NS_ASSERTIONS = NO;
				ENABLE_STRICT_OBJC_MSGSEND = YES;
				GCC_C_LANGUAGE_STANDARD = gnu11;
				GCC_NO_COMMON_BLOCKS = YES;
				GCC_WARN_64_TO_32_BIT_CONVERSION = YES;
				GCC_WARN_ABOUT_RETURN_TYPE = YES_ERROR;
				GCC_WARN_UNDECLARED_SELECTOR = YES;
				GCC_WARN_UNINITIALIZED_AUTOS = YES_AGGRESSIVE;
				GCC_WARN_UNUSED_FUNCTION = YES;
				GCC_WARN_UNUSED_VARIABLE = YES;
				IPHONEOS_DEPLOYMENT_TARGET = 12.4;
				MTL_ENABLE_DEBUG_INFO = NO;
				MTL_FAST_MATH = YES;
				SDKROOT = iphoneos;
				SWIFT_COMPILATION_MODE = wholemodule;
				SWIFT_OPTIMIZATION_LEVEL = "-O";
				VALIDATE_PRODUCT = YES;
			};
			name = Release;
		};
		9B5CD9A424304EE600CA6586 /* Debug */ = {
			isa = XCBuildConfiguration;
			buildSettings = {
				ASSETCATALOG_COMPILER_APPICON_NAME = AppIcon;
				CLANG_ENABLE_MODULES = YES;
				CODE_SIGN_STYLE = Automatic;
				DEVELOPMENT_TEAM = XHSNU67582;
				INFOPLIST_FILE = InfiniteRows/Info.plist;
				LD_RUNPATH_SEARCH_PATHS = (
					"$(inherited)",
					"@executable_path/Frameworks",
				);
				PRODUCT_BUNDLE_IDENTIFIER = ehsanjahromi.InfiniteRows;
				PRODUCT_NAME = "$(TARGET_NAME)";
				SWIFT_OBJC_BRIDGING_HEADER = "InfiniteRows/InfiniteRows-Bridging-Header.h";
				SWIFT_OPTIMIZATION_LEVEL = "-Onone";
				SWIFT_VERSION = 5.0;
				TARGETED_DEVICE_FAMILY = "1,2";
			};
			name = Debug;
		};
		9B5CD9A524304EE600CA6586 /* Release */ = {
			isa = XCBuildConfiguration;
			buildSettings = {
				ASSETCATALOG_COMPILER_APPICON_NAME = AppIcon;
				CLANG_ENABLE_MODULES = YES;
				CODE_SIGN_STYLE = Automatic;
				DEVELOPMENT_TEAM = XHSNU67582;
				INFOPLIST_FILE = InfiniteRows/Info.plist;
				LD_RUNPATH_SEARCH_PATHS = (
					"$(inherited)",
					"@executable_path/Frameworks",
				);
				PRODUCT_BUNDLE_IDENTIFIER = ehsanjahromi.InfiniteRows;
				PRODUCT_NAME = "$(TARGET_NAME)";
				SWIFT_OBJC_BRIDGING_HEADER = "InfiniteRows/InfiniteRows-Bridging-Header.h";
				SWIFT_VERSION = 5.0;
				TARGETED_DEVICE_FAMILY = "1,2";
			};
			name = Release;
		};
/* End XCBuildConfiguration section */

/* Begin XCConfigurationList section */
		9B5CD98C24304EE400CA6586 /* Build configuration list for PBXProject "InfiniteRows" */ = {
			isa = XCConfigurationList;
			buildConfigurations = (
				9B5CD9A124304EE600CA6586 /* Debug */,
				9B5CD9A224304EE600CA6586 /* Release */,
			);
			defaultConfigurationIsVisible = 0;
			defaultConfigurationName = Release;
		};
		9B5CD9A324304EE600CA6586 /* Build configuration list for PBXNativeTarget "InfiniteRows" */ = {
			isa = XCConfigurationList;
			buildConfigurations = (
				9B5CD9A424304EE600CA6586 /* Debug */,
				9B5CD9A524304EE600CA6586 /* Release */,
			);
			defaultConfigurationIsVisible = 0;
			defaultConfigurationName = Release;
		};
/* End XCConfigurationList section */
	};
	rootObject = 9B5CD98924304EE400CA6586 /* Project object */;
}
